
Microsoft Visual Studio Solution File, Format Version 12.00
# Visual Studio 15
VisualStudioVersion = 15.0.28307.705
MinimumVisualStudioVersion = 10.0.40219.1
Project("{FAE04EC0-301F-11D3-BF4B-00C04F79EFBC}") = "edad", "edad\edad.csproj", "{AB43FC8E-57C3-44EF-8EB5-91505426AFAE}"
EndProject
Global
	GlobalSection(SolutionConfigurationPlatforms) = preSolution
		Debug|Any CPU = Debug|Any CPU
		Release|Any CPU = Release|Any CPU
	EndGlobalSection
	GlobalSection(ProjectConfigurationPlatforms) = postSolution
		{AB43FC8E-57C3-44EF-8EB5-91505426AFAE}.Debug|Any CPU.ActiveCfg = Debug|Any CPU
		{AB43FC8E-57C3-44EF-8EB5-91505426AFAE}.Debug|Any CPU.Build.0 = Debug|Any CPU
		{AB43FC8E-57C3-44EF-8EB5-91505426AFAE}.Release|Any CPU.ActiveCfg = Release|Any CPU
		{AB43FC8E-57C3-44EF-8EB5-91505426AFAE}.Release|Any CPU.Build.0 = Release|Any CPU
	EndGlobalSection
	GlobalSection(SolutionProperties) = preSolution
		HideSolutionNode = FALSE
	EndGlobalSection
	GlobalSection(ExtensibilityGlobals) = postSolution
		SolutionGuid = {35C198C3-B4E7-443E-BED2-E41716BE01AF}
	EndGlobalSection
EndGlobal
